
Microsoft Visual Studio Solution File, Format Version 12.00
# Visual Studio Version 16
VisualStudioVersion = 16.0.31424.327
MinimumVisualStudioVersion = 10.0.40219.1
Project("{FAE04EC0-301F-11D3-BF4B-00C04F79EFBC}") = "Dorm managment system", "Dorm managment system\Dorm managment system.csproj", "{8C97F926-4A0F-4284-9E33-CC2C3CA12B14}"
EndProject
Global
	GlobalSection(SolutionConfigurationPlatforms) = preSolution
		Debug|Any CPU = Debug|Any CPU
		Release|Any CPU = Release|Any CPU
	EndGlobalSection
	GlobalSection(ProjectConfigurationPlatforms) = postSolution
		{8C97F926-4A0F-4284-9E33-CC2C3CA12B14}.Debug|Any CPU.ActiveCfg = Debug|Any CPU
		{8C97F926-4A0F-4284-9E33-CC2C3CA12B14}.Debug|Any CPU.Build.0 = Debug|Any CPU
		{8C97F926-4A0F-4284-9E33-CC2C3CA12B14}.Release|Any CPU.ActiveCfg = Release|Any CPU
		{8C97F926-4A0F-4284-9E33-CC2C3CA12B14}.Release|Any CPU.Build.0 = Release|Any CPU
	EndGlobalSection
	GlobalSection(SolutionProperties) = preSolution
		HideSolutionNode = FALSE
	EndGlobalSection
	GlobalSection(ExtensibilityGlobals) = postSolution
		SolutionGuid = {C90BF2BF-654C-4307-A2E3-C6F0F81CAF38}
	EndGlobalSection
EndGlobal
